{
  "version": 4,
  "terraform_version": "1.10.4",
  "serial": 18,
  "lineage": "e1b02cba-5555-a3c1-92c8-b18190eafae3",
  "outputs": {
    "random_Str_value": {
      "value": "ehflkcsnogcjvxscp",
      "type": "string"
    }
  },
  "resources": [
    {
      "mode": "managed",
      "type": "aws_s3_bucket",
      "name": "example",
      "provider": "provider[\"registry.terraform.io/hashicorp/aws\"]",
      "instances": [
        {
          "schema_version": 0,
          "attributes": {
            "acceleration_status": "",
            "acl": null,
            "arn": "arn:aws:s3:::naveenehflkcsnogcjvxscp",
            "bucket": "naveenehflkcsnogcjvxscp",
            "bucket_domain_name": "naveenehflkcsnogcjvxscp.s3.amazonaws.com",
            "bucket_prefix": "",
            "bucket_regional_domain_name": "naveenehflkcsnogcjvxscp.s3.us-east-1.amazonaws.com",
            "cors_rule": [],
            "force_destroy": false,
            "grant": [
              {
                "id": "4e45f948035669e4eed82bb75e645acbefd4a7fa5113543db0887ae16200ec30",
                "permissions": [
                  "FULL_CONTROL"
                ],
                "type": "CanonicalUser",
                "uri": ""
              }
            ],
            "hosted_zone_id": "Z3AQBSTGFYJSTF",
            "id": "naveenehflkcsnogcjvxscp",
            "lifecycle_rule": [],
            "logging": [],
            "object_lock_configuration": [],
            "object_lock_enabled": false,
            "policy": "",
            "region": "us-east-1",
            "replication_configuration": [],
            "request_payer": "BucketOwner",
            "server_side_encryption_configuration": [
              {
                "rule": [
                  {
                    "apply_server_side_encryption_by_default": [
                      {
                        "kms_master_key_id": "",
                        "sse_algorithm": "AES256"
                      }
                    ],
                    "bucket_key_enabled": false
                  }
                ]
              }
            ],
            "tags": {
              "env": "dev",
              "name": "naveen"
            },
            "tags_all": {
              "env": "dev",
              "name": "naveen"
            },
            "timeouts": null,
            "versioning": [
              {
                "enabled": false,
                "mfa_delete": false
              }
            ],
            "website": [],
            "website_domain": null,
            "website_endpoint": null
          },
          "sensitive_attributes": [],
          "private": "eyJlMmJmYjczMC1lY2FhLTExZTYtOGY4OC0zNDM2M2JjN2M0YzAiOnsiY3JlYXRlIjoxMjAwMDAwMDAwMDAwLCJkZWxldGUiOjM2MDAwMDAwMDAwMDAsInJlYWQiOjEyMDAwMDAwMDAwMDAsInVwZGF0ZSI6MTIwMDAwMDAwMDAwMH19",
          "dependencies": [
            "random_string.random_Str"
          ]
        }
      ]
    },
    {
      "mode": "managed",
      "type": "local_file",
      "name": "pet",
      "provider": "provider[\"registry.terraform.io/hashicorp/local\"]",
      "instances": [
        {
          "schema_version": 0,
          "attributes": {
            "content": "test file content",
            "content_base64": null,
            "content_base64sha256": "YPUjftQEnwOCZh7wCdK8QuSMPOs+22YA9wJOerO4OPM=",
            "content_base64sha512": "ZUMITGmB0tPkTSldIK3uTl+j/Buyt9OsgMpFawFB39dWV7pA6lrjmIJLOocci3diyL28vCUvp/NY0z2Q7kVdhg==",
            "content_md5": "c785060c866796cc2a1708c997154c8e",
            "content_sha1": "9032bbc224ed8b39183cb93b9a7447727ce67f9d",
            "content_sha256": "60f5237ed4049f0382661ef009d2bc42e48c3ceb3edb6600f7024e7ab3b838f3",
            "content_sha512": "6543084c6981d2d3e44d295d20adee4e5fa3fc1bb2b7d3ac80ca456b0141dfd75657ba40ea5ae398824b3a871c8b7762c8bdbcbc252fa7f358d33d90ee455d86",
            "directory_permission": "0777",
            "file_permission": "0777",
            "filename": "pets.txt",
            "id": "9032bbc224ed8b39183cb93b9a7447727ce67f9d",
            "sensitive_content": null,
            "source": null
          },
          "sensitive_attributes": [
            [
              {
                "type": "get_attr",
                "value": "sensitive_content"
              }
            ]
          ]
        }
      ]
    },
    {
      "mode": "managed",
      "type": "random_string",
      "name": "random_Str",
      "provider": "provider[\"registry.terraform.io/hashicorp/random\"]",
      "instances": [
        {
          "schema_version": 2,
          "attributes": {
            "id": "ehflkcsnogcjvxscp",
            "keepers": null,
            "length": 17,
            "lower": true,
            "min_lower": 0,
            "min_numeric": 0,
            "min_special": 0,
            "min_upper": 0,
            "number": false,
            "numeric": false,
            "override_special": null,
            "result": "ehflkcsnogcjvxscp",
            "special": false,
            "upper": false
          },
          "sensitive_attributes": []
        }
      ]
    }
  ],
  "check_results": null
}
